%{
  "cache_tab": {:hex, :cache_tab, "1.0.4", "3fd2b1ab40c36e7830a4e09e836c6b0fa89191cd4e5fd471873e4eb42f5cd37c", [:rebar3], [{:p1_utils, "1.0.5", [hex: :p1_utils, repo: "hexpm", optional: false]}], "hexpm", "80c79583890c3c072c05ba57176d888af70a98284ee83dffe7d2b1b887218c18"},
  "certifi": {:hex, :certifi, "0.7.0", "861a57f3808f7eb0c2d1802afeaae0fa5de813b0df0979153cbafcd853ababaf", [:rebar3], [], "hexpm", "f7182e85b4ece9d1371c46699793dd3dee8f2c55be3f6967a6b84b8c02bab7d2"},
  "connection": {:hex, :connection, "1.0.4", "a1cae72211f0eef17705aaededacac3eb30e6625b04a6117c1b2db6ace7d5976", [:mix], [], "hexpm", "4a0850c9be22a43af9920a71ab17c051f5f7d45c209e40269a1938832510e4d9"},
  "earmark": {:hex, :earmark, "1.4.4", "4821b8d05cda507189d51f2caeef370cf1e18ca5d7dfb7d31e9cafe6688106a4", [:mix], [], "hexpm", "1f93aba7340574847c0f609da787f0d79efcab51b044bb6e242cae5aca9d264d"},
  "ejabberd": {:hex, :ejabberd, "16.8.0", "9146b895864e01757319d68bb5e13ce9baedceb66e64ea71e1b780c36c836fc7", [:mix], [{:cache_tab, "~> 1.0", [hex: :cache_tab, repo: "hexpm", optional: false]}, {:eredis, "~> 1.0", [hex: :eredis, repo: "hexpm", optional: false]}, {:esip, "~> 1.0", [hex: :esip, repo: "hexpm", optional: false]}, {:ezlib, "~> 1.0", [hex: :ezlib, repo: "hexpm", optional: false]}, {:fast_tls, "~> 1.0", [hex: :fast_tls, repo: "hexpm", optional: false]}, {:fast_xml, "~> 1.1", [hex: :fast_xml, repo: "hexpm", optional: false]}, {:fast_yaml, "~> 1.0", [hex: :fast_yaml, repo: "hexpm", optional: false]}, {:iconv, "~> 1.0", [hex: :iconv, repo: "hexpm", optional: false]}, {:jiffy, "~> 0.14.7", [hex: :jiffy, repo: "hexpm", optional: false]}, {:lager, "~> 3.2", [hex: :lager, repo: "hexpm", optional: false]}, {:p1_mysql, "~> 1.0", [hex: :p1_mysql, repo: "hexpm", optional: false]}, {:p1_oauth2, "~> 0.6.1", [hex: :p1_oauth2, repo: "hexpm", optional: false]}, {:p1_pgsql, "~> 1.1", [hex: :p1_pgsql, repo: "hexpm", optional: false]}, {:p1_utils, "~> 1.0", [hex: :p1_utils, repo: "hexpm", optional: false]}, {:p1_xmlrpc, "~> 1.15", [hex: :p1_xmlrpc, repo: "hexpm", optional: false]}, {:sqlite3, "~> 1.1", [hex: :sqlite3, repo: "hexpm", optional: false]}, {:stringprep, "~> 1.0", [hex: :stringprep, repo: "hexpm", optional: false]}, {:stun, "~> 1.0", [hex: :stun, repo: "hexpm", optional: false]}], "hexpm", "190d5a910c9fbde00b927e230edd1495d4ed644d5ec4175df33425995709428c"},
  "eredis": {:hex, :eredis, "1.0.8", "ab4fda1c4ba7fbe6c19c26c249dc13da916d762502c4b4fa2df401a8d51c5364", [:rebar], [], "hexpm", "f303533e72129b264a2d8217c4ddc977c7527ff4b8a6a55f92f62b7fcc099334"},
  "esip": {:hex, :esip, "1.0.8", "69885a6c07964aabc6c077fe1372aa810a848bd3d9a415b160dabdce9c7a79b5", [:rebar3], [{:fast_tls, "1.0.7", [hex: :fast_tls, repo: "hexpm", optional: false]}, {:p1_utils, "1.0.5", [hex: :p1_utils, repo: "hexpm", optional: false]}, {:stun, "1.0.7", [hex: :stun, repo: "hexpm", optional: false]}], "hexpm", "0f8abccbbf567defc5c634c43341aff1eda956270d8d7969cf3d139272941113"},
  "ex_doc": {:hex, :ex_doc, "0.22.1", "9bb6d51508778193a4ea90fa16eac47f8b67934f33f8271d5e1edec2dc0eee4c", [:mix], [{:earmark, "~> 1.4.0", [hex: :earmark, repo: "hexpm", optional: false]}, {:makeup_elixir, "~> 0.14", [hex: :makeup_elixir, repo: "hexpm", optional: false]}], "hexpm", "d957de1b75cb9f78d3ee17820733dc4460114d8b1e11f7ee4fd6546e69b1db60"},
  "excoveralls": {:hex, :excoveralls, "0.5.7", "5d26e4a7cdf08294217594a1b0643636accc2ad30e984d62f1d166f70629ff50", [:mix], [{:exjsx, "~> 3.0", [hex: :exjsx, repo: "hexpm", optional: false]}, {:hackney, ">= 0.12.0", [hex: :hackney, repo: "hexpm", optional: false]}], "hexpm", "8923606b1d71407c80bdfced7331b2e35af5da7d1829fc60971ddea0bd445b53"},
  "exjsx": {:hex, :exjsx, "3.2.1", "1bc5bf1e4fd249104178f0885030bcd75a4526f4d2a1e976f4b428d347614f0f", [:mix], [{:jsx, "~> 2.8.0", [hex: :jsx, repo: "hexpm", optional: false]}], "hexpm", "b55727b206dab96feb025267e5c122ddb448f55b6648f9156b8d481215d80290"},
  "ezlib": {:hex, :ezlib, "1.0.1", "add8b2770a1a70c174aaea082b4a8668c0c7fdb03ee6cc81c6c68d3a6c3d767d", [:rebar3], [], "hexpm", "fea58a6ab557888dbfc91a8d20c55755614c123277a57dea2e91711c630465e1"},
  "fast_tls": {:hex, :fast_tls, "1.0.7", "9b72ecfcdcad195ab072c196fab8334f49d8fea76bf1a51f536d69e7527d902a", [:rebar3], [{:p1_utils, "1.0.5", [hex: :p1_utils, repo: "hexpm", optional: false]}], "hexpm", "4f18484f86754f43ff59e5d10b482302bdf7b60a7702d77d67ec08b41a60c953"},
  "fast_xml": {:hex, :fast_xml, "1.1.15", "6d23eb7f874e1357cf80a48d75a7bd0c8f6318029dc4b70122e9f54911f57f83", [:rebar3], [{:p1_utils, "1.0.5", [hex: :p1_utils, repo: "hexpm", optional: false]}], "hexpm", "0da22ccadc57014b8d2ebcbd43b3354ed59d18afae33947d20266a9874083e71"},
  "fast_yaml": {:hex, :fast_yaml, "1.0.6", "3fe6feb7935ae8028b337e53e1db29e73ad3bca8041108f6a8f73b7175ece75c", [:rebar3], [{:p1_utils, "1.0.5", [hex: :p1_utils, repo: "hexpm", optional: false]}], "hexpm", "feec4b59433eb5c47f1ce3a8ae5ba3b163d9257972cf3fa94739a86df46be8a0"},
  "goldrush": {:hex, :goldrush, "0.1.8", "2024ba375ceea47e27ea70e14d2c483b2d8610101b4e852ef7f89163cdb6e649", [:rebar3], [], "hexpm", "ba71e005bbb6ebbc3c510a58b2bd6d3b25a8d091a8e87ac3d33ef10522cdcd51"},
  "hackney": {:hex, :hackney, "1.6.3", "d489d7ca2d4323e307bedc4bfe684323a7bf773ecfd77938f3ee8074e488e140", [:mix, :rebar3], [{:certifi, "0.7.0", [hex: :certifi, repo: "hexpm", optional: false]}, {:idna, "1.2.0", [hex: :idna, repo: "hexpm", optional: false]}, {:metrics, "1.0.1", [hex: :metrics, repo: "hexpm", optional: false]}, {:mimerl, "1.0.2", [hex: :mimerl, repo: "hexpm", optional: false]}, {:ssl_verify_fun, "1.1.1", [hex: :ssl_verify_fun, repo: "hexpm", optional: false]}], "hexpm", "b2c483bc28ca6fd02b15a23e98156757b7de0dc1863427b058f46f1ad6c5cc4c"},
  "iconv": {:hex, :iconv, "1.0.2", "a0792f06ab4b5ea1b5bb49789405739f1281a91c44cf3879cb70e4d777666217", [:rebar3], [{:p1_utils, "1.0.5", [hex: :p1_utils, repo: "hexpm", optional: false]}], "hexpm", "d9a4246f56eace28f41f19397ccc3816dfb166c5706ccf796cd1e5e717eadbc6"},
  "idna": {:hex, :idna, "1.2.0", "ac62ee99da068f43c50dc69acf700e03a62a348360126260e87f2b54eced86b2", [:rebar3], [], "hexpm", "1d724cdafb66397e61774ead242c9b725de7033cde8ea98fa4a91e64ac5ef5b3"},
  "jiffy": {:hex, :jiffy, "0.14.7", "9f33b893edd6041ceae03bc1e50b412e858cc80b46f3d7535a7a9940a79a1c37", [:make, :rebar3], [], "hexpm", "2b3b0f7976dae9c8266036e0d7e0398b64ac5207e3beee4c57896e44b2c17e97"},
  "jsx": {:hex, :jsx, "2.8.0", "749bec6d205c694ae1786d62cea6cc45a390437e24835fd16d12d74f07097727", [:mix, :rebar], [], "hexpm", "a8ba15d5bac2c48b2be1224a0542ad794538d79e2cc16841a4e24ca75f0f8378"},
  "lager": {:hex, :lager, "3.2.1", "eef4e18b39e4195d37606d9088ea05bf1b745986cf8ec84f01d332456fe88d17", [:rebar3], [{:goldrush, "0.1.8", [hex: :goldrush, repo: "hexpm", optional: false]}], "hexpm", "09a751789852094bf1ffad239a602bc47829da13ca5937b9d12df27470692095"},
  "makeup": {:hex, :makeup, "1.0.2", "0b9f7bfb7a88bed961341b359bc2cc1b233517af891ba4890ec5a580ffe738b4", [:mix], [{:nimble_parsec, "~> 0.5", [hex: :nimble_parsec, repo: "hexpm", optional: false]}], "hexpm", "43833299231c6a6983afc75a34e43eeba638521d5527ff89809fa6372424fd7e"},
  "makeup_elixir": {:hex, :makeup_elixir, "0.14.1", "4f0e96847c63c17841d42c08107405a005a2680eb9c7ccadfd757bd31dabccfb", [:mix], [{:makeup, "~> 1.0", [hex: :makeup, repo: "hexpm", optional: false]}], "hexpm", "f2438b1a80eaec9ede832b5c41cd4f373b38fd7aa33e3b22d9db79e640cbde11"},
  "metrics": {:hex, :metrics, "1.0.1", "25f094dea2cda98213cecc3aeff09e940299d950904393b2a29d191c346a8486", [:rebar3], [], "hexpm", "69b09adddc4f74a40716ae54d140f93beb0fb8978d8636eaded0c31b6f099f16"},
  "mimerl": {:hex, :mimerl, "1.0.2", "993f9b0e084083405ed8252b99460c4f0563e41729ab42d9074fd5e52439be88", [:rebar3], [], "hexpm", "7a4c8e1115a2732a67d7624e28cf6c9f30c66711a9e92928e745c255887ba465"},
  "nimble_parsec": {:hex, :nimble_parsec, "0.6.0", "32111b3bf39137144abd7ba1cce0914533b2d16ef35e8abc5ec8be6122944263", [:mix], [], "hexpm", "27eac315a94909d4dc68bc07a4a83e06c8379237c5ea528a9acff4ca1c873c52"},
  "p1_mysql": {:hex, :p1_mysql, "1.0.1", "d2be1cfc71bb4f1391090b62b74c3f5cb8e7a45b0076b8cb290cd6b2856c581b", [:rebar3], [], "hexpm", "4235c0d95d4ec01ed7511ebb253f5c54a9635b766a8b923f41e238ed85008e7d"},
  "p1_oauth2": {:hex, :p1_oauth2, "0.6.1", "4e021250cc198c538b097393671a41e7cebf463c248980320e038fe0316eb56b", [:rebar3], [], "hexpm", "304923dcaf1edcc84b7f3f6fab1d5235777604ec3334453cf50de1060300e002"},
  "p1_pgsql": {:hex, :p1_pgsql, "1.1.0", "ca525c42878eac095e5feb19563acc9915c845648f48fdec7ba6266c625d4ac7", [:rebar3], [], "hexpm", "d6616a30e8d6964b488cebd6b9ca754783640ca85c4792bf7b1260a15303bf1c"},
  "p1_utils": {:hex, :p1_utils, "1.0.5", "3e698354fdc1fea5491d991457b0cb986c0a00a47d224feb841dc3ec82b9f721", [:rebar3], [], "hexpm", "cebe63af3981efa29b9c1c131e6fd974705f69ff00176e838abe354c4d169f76"},
  "p1_xmlrpc": {:hex, :p1_xmlrpc, "1.15.1", "a382b62dc21bb372281c2488f99294d84f2b4020ed0908a1c4ad710ace3cf35a", [:rebar3], [], "hexpm", "4bca3009ad6b6c37c30255e3d63191a188e0fc6b6db41a428fe111d699d1a330"},
  "sqlite3": {:hex, :sqlite3, "1.1.5", "794738b6d07b6d36ec6d42492cb9d629bad9cf3761617b8b8d728e765db19840", [:rebar3], [], "hexpm", "fc2beb8b09deec6cf68bd6203ecf28bf827d2073915bc7131c9cd56d5ff27260"},
  "ssl_verify_fun": {:hex, :ssl_verify_fun, "1.1.1", "28a4d65b7f59893bc2c7de786dec1e1555bd742d336043fe644ae956c3497fbe", [:make, :rebar], [], "hexpm", "4f8805eb5c8a939cf2359367cb651a3180b27dfb48444846be2613d79355d65e"},
  "stringprep": {:hex, :stringprep, "1.0.6", "1cf1c439eb038aa590da5456e019f86afbfbfeb5a2d37b6e5f873041624c6701", [:rebar3], [{:p1_utils, "1.0.5", [hex: :p1_utils, repo: "hexpm", optional: false]}], "hexpm", "ebdf114d7dd19f3221b98c8998fd7edd3ef06f4615017c9da1e25c8b8ba1e75b"},
  "stun": {:hex, :stun, "1.0.7", "904dc6f26a3c30c54881c4c3003699f2a4968067ee6b3aecdf9895aad02df75e", [:rebar3], [{:fast_tls, "1.0.7", [hex: :fast_tls, repo: "hexpm", optional: false]}, {:p1_utils, "1.0.5", [hex: :p1_utils, repo: "hexpm", optional: false]}], "hexpm", "e4bc6e921d25424e50d8521e3977ce68bed7ae7099b068b5c1cd389bab640f3c"},
}
